
Microsoft Visual Studio Solution File, Format Version 12.00
# Visual Studio Version 17
VisualStudioVersion = 17.0.31919.166
MinimumVisualStudioVersion = 10.0.40219.1
Project("{FAE04EC0-301F-11D3-BF4B-00C04F79EFBC}") = "ParallelHomeWork", "ParallelHomeWork\ParallelHomeWork.csproj", "{B8840D1D-B41C-43B8-ADDE-3EC18B3D35FF}"
EndProject
Global
	GlobalSection(SolutionConfigurationPlatforms) = preSolution
		Debug|Any CPU = Debug|Any CPU
		Release|Any CPU = Release|Any CPU
	EndGlobalSection
	GlobalSection(ProjectConfigurationPlatforms) = postSolution
		{B8840D1D-B41C-43B8-ADDE-3EC18B3D35FF}.Debug|Any CPU.ActiveCfg = Debug|Any CPU
		{B8840D1D-B41C-43B8-ADDE-3EC18B3D35FF}.Debug|Any CPU.Build.0 = Debug|Any CPU
		{B8840D1D-B41C-43B8-ADDE-3EC18B3D35FF}.Release|Any CPU.ActiveCfg = Release|Any CPU
		{B8840D1D-B41C-43B8-ADDE-3EC18B3D35FF}.Release|Any CPU.Build.0 = Release|Any CPU
	EndGlobalSection
	GlobalSection(SolutionProperties) = preSolution
		HideSolutionNode = FALSE
	EndGlobalSection
	GlobalSection(ExtensibilityGlobals) = postSolution
		SolutionGuid = {DC9FFACB-F5DA-4AA6-9B9A-313A61747019}
	EndGlobalSection
EndGlobal
